
Microsoft Visual Studio Solution File, Format Version 12.00
# Visual Studio Version 16
VisualStudioVersion = 16.0.31205.134
MinimumVisualStudioVersion = 10.0.40219.1
Project("{FAE04EC0-301F-11D3-BF4B-00C04F79EFBC}") = "PruebaTecnica", "PruebaTecnica.csproj", "{36AA215F-76DB-4998-BDB0-BDA9A2906FF7}"
EndProject
Global
	GlobalSection(SolutionConfigurationPlatforms) = preSolution
		Debug|Any CPU = Debug|Any CPU
		Release|Any CPU = Release|Any CPU
	EndGlobalSection
	GlobalSection(ProjectConfigurationPlatforms) = postSolution
		{36AA215F-76DB-4998-BDB0-BDA9A2906FF7}.Debug|Any CPU.ActiveCfg = Debug|Any CPU
		{36AA215F-76DB-4998-BDB0-BDA9A2906FF7}.Debug|Any CPU.Build.0 = Debug|Any CPU
		{36AA215F-76DB-4998-BDB0-BDA9A2906FF7}.Release|Any CPU.ActiveCfg = Release|Any CPU
		{36AA215F-76DB-4998-BDB0-BDA9A2906FF7}.Release|Any CPU.Build.0 = Release|Any CPU
	EndGlobalSection
	GlobalSection(SolutionProperties) = preSolution
		HideSolutionNode = FALSE
	EndGlobalSection
	GlobalSection(ExtensibilityGlobals) = postSolution
		SolutionGuid = {16F478EB-AF50-4A71-BA34-4885EA862FEC}
	EndGlobalSection
EndGlobal
